<?xml version="1.0" encoding="utf-8"?><WorkWithAttributesConfig xmlns:xsi="http://www.w3.org/2001/XMLSchema-instance" xmlns:xsd="http://www.w3.org/2001/XMLSchema"><Pattern>SUBT</Pattern><Type /><ShowAll>false</ShowAll><TypeObject /><Object /><ShowMore>false</ShowMore><ColumnNameSize>156</ColumnNameSize><ColumnTypeSize>147</ColumnTypeSize><ColumnModuleSize>147</ColumnModuleSize><ColumnDescriptionSize>147</ColumnDescriptionSize><FormWidth>685</FormWidth><FormHeigth>740</FormHeigth></WorkWithAttributesConfig>