<?xml version="1.0" encoding="utf-8"?><WorkWithAttributesConfig xmlns:xsi="http://www.w3.org/2001/XMLSchema-instance" xmlns:xsd="http://www.w3.org/2001/XMLSchema"><Pattern /><Type /><ShowAll>false</ShowAll><TypeObject /><Object /><ShowMore>false</ShowMore><ColumnNameSize>128</ColumnNameSize><ColumnTypeSize>128</ColumnTypeSize><ColumnModuleSize>0</ColumnModuleSize><ColumnDescriptionSize>128</ColumnDescriptionSize><FormWidth>0</FormWidth><FormHeigth>0</FormHeigth></WorkWithAttributesConfig>